
Microsoft Visual Studio Solution File, Format Version 12.00
# Visual Studio Version 17
VisualStudioVersion = 17.9.34616.47
MinimumVisualStudioVersion = 10.0.40219.1
Project("{FAE04EC0-301F-11D3-BF4B-00C04F79EFBC}") = "Oh_My_Ping", "Oh_My_Ping\Oh_My_Ping.csproj", "{B5AFE8E5-A5F8-4B3A-8F31-36AEF0FF063F}"
EndProject
Global
	GlobalSection(SolutionConfigurationPlatforms) = preSolution
		Debug|Any CPU = Debug|Any CPU
		Release|Any CPU = Release|Any CPU
	EndGlobalSection
	GlobalSection(ProjectConfigurationPlatforms) = postSolution
		{B5AFE8E5-A5F8-4B3A-8F31-36AEF0FF063F}.Debug|Any CPU.ActiveCfg = Debug|Any CPU
		{B5AFE8E5-A5F8-4B3A-8F31-36AEF0FF063F}.Debug|Any CPU.Build.0 = Debug|Any CPU
		{B5AFE8E5-A5F8-4B3A-8F31-36AEF0FF063F}.Release|Any CPU.ActiveCfg = Release|Any CPU
		{B5AFE8E5-A5F8-4B3A-8F31-36AEF0FF063F}.Release|Any CPU.Build.0 = Release|Any CPU
	EndGlobalSection
	GlobalSection(SolutionProperties) = preSolution
		HideSolutionNode = FALSE
	EndGlobalSection
	GlobalSection(ExtensibilityGlobals) = postSolution
		SolutionGuid = {D63E1D18-72FA-46AE-92BB-4A4CEBAEAE05}
	EndGlobalSection
EndGlobal
